// !$*UTF8*$!
{
	archiveVersion = 1;
	classes = {
	};
	objectVersion = 48;
	objects = {

/* Begin PBXBuildFile section */
		60F31BF61FE1E44B00C20ACA /* AppDelegate.swift in Sources */ = {isa = PBXBuildFile; fileRef = 60F31BF51FE1E44B00C20ACA /* AppDelegate.swift */; };
		60F31BF81FE1E44B00C20ACA /* ViewController.swift in Sources */ = {isa = PBXBuildFile; fileRef = 60F31BF71FE1E44B00C20ACA /* ViewController.swift */; };
		60F31BFB1FE1E44B00C20ACA /* Main.storyboard in Resources */ = {isa = PBXBuildFile; fileRef = 60F31BF91FE1E44B00C20ACA /* Main.storyboard */; };
		60F31BFD1FE1E44B00C20ACA /* Assets.xcassets in Resources */ = {isa = PBXBuildFile; fileRef = 60F31BFC1FE1E44B00C20ACA /* Assets.xcassets */; };
		60F31C001FE1E44B00C20ACA /* LaunchScreen.storyboard in Resources */ = {isa = PBXBuildFile; fileRef = 60F31BFE1FE1E44B00C20ACA /* LaunchScreen.storyboard */; };
/* End PBXBuildFile section */

/* Begin PBXFileReference section */
		60F31BF21FE1E44B00C20ACA /* TapeMeasAR.app */ = {isa = PBXFileReference; explicitFileType = wrapper.application; includeInIndex = 0; path = TapeMeasAR.app; sourceTree = BUILT_PRODUCTS_DIR; };
		60F31BF51FE1E44B00C20ACA /* AppDelegate.swift */ = {isa = PBXFileReference; lastKnownFileType = sourcecode.swift; path = AppDelegate.swift; sourceTree = "<group>"; };
		60F31BF71FE1E44B00C20ACA /* ViewController.swift */ = {isa = PBXFileReference; lastKnownFileType = sourcecode.swift; path = ViewController.swift; sourceTree = "<group>"; };
		60F31BFA1FE1E44B00C20ACA /* Base */ = {isa = PBXFileReference; lastKnownFileType = file.storyboard; name = Base; path = Base.lproj/Main.storyboard; sourceTree = "<group>"; };
		60F31BFC1FE1E44B00C20ACA /* Assets.xcassets */ = {isa = PBXFileReference; lastKnownFileType = folder.assetcatalog; path = Assets.xcassets; sourceTree = "<group>"; };
		60F31BFF1FE1E44B00C20ACA /* Base */ = {isa = PBXFileReference; lastKnownFileType = file.storyboard; name = Base; path = Base.lproj/LaunchScreen.storyboard; sourceTree = "<group>"; };
		60F31C011FE1E44B00C20ACA /* Info.plist */ = {isa = PBXFileReference; lastKnownFileType = text.plist.xml; path = Info.plist; sourceTree = "<group>"; };
/* End PBXFileReference section */

/* Begin PBXFrameworksBuildPhase section */
		60F31BEF1FE1E44B00C20ACA /* Frameworks */ = {
			isa = PBXFrameworksBuildPhase;
			buildActionMask = 2147483647;
			files = (
			);
			runOnlyForDeploymentPostprocessing = 0;
		};
/* End PBXFrameworksBuildPhase section */

/* Begin PBXGroup section */
		60F31BE91FE1E44B00C20ACA = {
			isa = PBXGroup;
			children = (
				60F31BF41FE1E44B00C20ACA /* TapeMeasAR */,
				60F31BF31FE1E44B00C20ACA /* Products */,
			);
			sourceTree = "<group>";
		};
		60F31BF31FE1E44B00C20ACA /* Products */ = {
			isa = PBXGroup;
			children = (
				60F31BF21FE1E44B00C20ACA /* TapeMeasAR.app */,
			);
			name = Products;
			sourceTree = "<group>";
		};
		60F31BF41FE1E44B00C20ACA /* TapeMeasAR */ = {
			isa = PBXGroup;
			children = (
				60F31BF51FE1E44B00C20ACA /* AppDelegate.swift */,
				60F31BF71FE1E44B00C20ACA /* ViewController.swift */,
				60F31BF91FE1E44B00C20ACA /* Main.storyboard */,
				60F31BFC1FE1E44B00C20ACA /* Assets.xcassets */,
				60F31BFE1FE1E44B00C20ACA /* LaunchScreen.storyboard */,
				60F31C011FE1E44B00C20ACA /* Info.plist */,
			);
			path = TapeMeasAR;
			sourceTree = "<group>";
		};
/* End PBXGroup section */

/* Begin PBXNativeTarget section */
		60F31BF11FE1E44B00C20ACA /* TapeMeasAR */ = {
			isa = PBXNativeTarget;
			buildConfigurationList = 60F31C041FE1E44B00C20ACA /* Build configuration list for PBXNativeTarget "TapeMeasAR" */;
			buildPhases = (
				60F31BEE1FE1E44B00C20ACA /* Sources */,
				60F31BEF1FE1E44B00C20ACA /* Frameworks */,
				60F31BF01FE1E44B00C20ACA /* Resources */,
			);
			buildRules = (
			);
			dependencies = (
			);
			name = TapeMeasAR;
			productName = TapeMeasAR;
			productReference = 60F31BF21FE1E44B00C20ACA /* TapeMeasAR.app */;
			productType = "com.apple.product-type.application";
		};
/* End PBXNativeTarget section */

/* Begin PBXProject section */
		60F31BEA1FE1E44B00C20ACA /* Project object */ = {
			isa = PBXProject;
			attributes = {
				LastSwiftUpdateCheck = 0920;
				LastUpgradeCheck = 0920;
				ORGANIZATIONNAME = Fr3qFly;
				TargetAttributes = {
					60F31BF11FE1E44B00C20ACA = {
						CreatedOnToolsVersion = 9.2;
						ProvisioningStyle = Automatic;
					};
				};
			};
			buildConfigurationList = 60F31BED1FE1E44B00C20ACA /* Build configuration list for PBXProject "TapeMeasAR" */;
			compatibilityVersion = "Xcode 8.0";
			developmentRegion = en;
			hasScannedForEncodings = 0;
			knownRegions = (
				en,
				Base,
			);
			mainGroup = 60F31BE91FE1E44B00C20ACA;
			productRefGroup = 60F31BF31FE1E44B00C20ACA /* Products */;
			projectDirPath = "";
			projectRoot = "";
			targets = (
				60F31BF11FE1E44B00C20ACA /* TapeMeasAR */,
			);
		};
/* End PBXProject section */

/* Begin PBXResourcesBuildPhase section */
		60F31BF01FE1E44B00C20ACA /* Resources */ = {
			isa = PBXResourcesBuildPhase;
			buildActionMask = 2147483647;
			files = (
				60F31C001FE1E44B00C20ACA /* LaunchScreen.storyboard in Resources */,
				60F31BFD1FE1E44B00C20ACA /* Assets.xcassets in Resources */,
				60F31BFB1FE1E44B00C20ACA /* Main.storyboard in Resources */,
			);
			runOnlyForDeploymentPostprocessing = 0;
		};
/* End PBXResourcesBuildPhase section */

/* Begin PBXSourcesBuildPhase section */
		60F31BEE1FE1E44B00C20ACA /* Sources */ = {
			isa = PBXSourcesBuildPhase;
			buildActionMask = 2147483647;
			files = (
				60F31BF81FE1E44B00C20ACA /* ViewController.swift in Sources */,
				60F31BF61FE1E44B00C20ACA /* AppDelegate.swift in Sources */,
			);
			runOnlyForDeploymentPostprocessing = 0;
		};
/* End PBXSourcesBuildPhase section */

/* Begin PBXVariantGroup section */
		60F31BF91FE1E44B00C20ACA /* Main.storyboard */ = {
			isa = PBXVariantGroup;
			children = (
				60F31BFA1FE1E44B00C20ACA /* Base */,
			);
			name = Main.storyboard;
			sourceTree = "<group>";
		};
		60F31BFE1FE1E44B00C20ACA /* LaunchScreen.storyboard */ = {
			isa = PBXVariantGroup;
			children = (
				60F31BFF1FE1E44B00C20ACA /* Base */,
			);
			name = LaunchScreen.storyboard;
			sourceTree = "<group>";
		};
/* End PBXVariantGroup section */

/* Begin XCBuildConfiguration section */
		60F31C021FE1E44B00C20ACA /* Debug */ = {
			isa = XCBuildConfiguration;
			buildSettings = {
				ALWAYS_SEARCH_USER_PATHS = NO;
				CLANG_ANALYZER_NONNULL = YES;
				CLANG_ANALYZER_NUMBER_OBJECT_CONVERSION = YES_AGGRESSIVE;
				CLANG_CXX_LANGUAGE_STANDARD = "gnu++14";
				CLANG_CXX_LIBRARY = "libc++";
				CLANG_ENABLE_MODULES = YES;
				CLANG_ENABLE_OBJC_ARC = YES;
				CLANG_WARN_BLOCK_CAPTURE_AUTORELEASING = YES;
				CLANG_WARN_BOOL_CONVERSION = YES;
				CLANG_WARN_COMMA = YES;
				CLANG_WARN_CONSTANT_CONVERSION = YES;
				CLANG_WARN_DIRECT_OBJC_ISA_USAGE = YES_ERROR;
				CLANG_WARN_DOCUMENTATION_COMMENTS = YES;
				CLANG_WARN_EMPTY_BODY = YES;
				CLANG_WARN_ENUM_CONVERSION = YES;
				CLANG_WARN_INFINITE_RECURSION = YES;
				CLANG_WARN_INT_CONVERSION = YES;
				CLANG_WARN_NON_LITERAL_NULL_CONVERSION = YES;
				CLANG_WARN_OBJC_LITERAL_CONVERSION = YES;
				CLANG_WARN_OBJC_ROOT_CLASS = YES_ERROR;
				CLANG_WARN_RANGE_LOOP_ANALYSIS = YES;
				CLANG_WARN_STRICT_PROTOTYPES = YES;
				CLANG_WARN_SUSPICIOUS_MOVE = YES;
				CLANG_WARN_UNGUARDED_AVAILABILITY = YES_AGGRESSIVE;
				CLANG_WARN_UNREACHABLE_CODE = YES;
				CLANG_WARN__DUPLICATE_METHOD_MATCH = YES;
				CODE_SIGN_IDENTITY = "iPhone Developer";
				COPY_PHASE_STRIP = NO;
				DEBUG_INFORMATION_FORMAT = dwarf;
				ENABLE_STRICT_OBJC_MSGSEND = YES;
				ENABLE_TESTABILITY = YES;
				GCC_C_LANGUAGE_STANDARD = gnu11;
				GCC_DYNAMIC_NO_PIC = NO;
				GCC_NO_COMMON_BLOCKS = YES;
				GCC_OPTIMIZATION_LEVEL = 0;
				GCC_PREPROCESSOR_DEFINITIONS = (
					"DEBUG=1",
					"$(inherited)",
				);
				GCC_WARN_64_TO_32_BIT_CONVERSION = YES;
				GCC_WARN_ABOUT_RETURN_TYPE = YES_ERROR;
				GCC_WARN_UNDECLARED_SELECTOR = YES;
				GCC_WARN_UNINITIALIZED_AUTOS = YES_AGGRESSIVE;
				GCC_WARN_UNUSED_FUNCTION = YES;
				GCC_WARN_UNUSED_VARIABLE = YES;
				IPHONEOS_DEPLOYMENT_TARGET = 11.2;
				MTL_ENABLE_DEBUG_INFO = YES;
				ONLY_ACTIVE_ARCH = YES;
				SDKROOT = iphoneos;
				SWIFT_ACTIVE_COMPILATION_CONDITIONS = DEBUG;
				SWIFT_OPTIMIZATION_LEVEL = "-Onone";
			};
			name = Debug;
		};
		60F31C031FE1E44B00C20ACA /* Release */ = {
			isa = XCBuildConfiguration;
			buildSettings = {
				ALWAYS_SEARCH_USER_PATHS = NO;
				CLANG_ANALYZER_NONNULL = YES;
				CLANG_ANALYZER_NUMBER_OBJECT_CONVERSION = YES_AGGRESSIVE;
				CLANG_CXX_LANGUAGE_STANDARD = "gnu++14";
				CLANG_CXX_LIBRARY = "libc++";
				CLANG_ENABLE_MODULES = YES;
				CLANG_ENABLE_OBJC_ARC = YES;
				CLANG_WARN_BLOCK_CAPTURE_AUTORELEASING = YES;
				CLANG_WARN_BOOL_CONVERSION = YES;
				CLANG_WARN_COMMA = YES;
				CLANG_WARN_CONSTANT_CONVERSION = YES;
				CLANG_WARN_DIRECT_OBJC_ISA_USAGE = YES_ERROR;
				CLANG_WARN_DOCUMENTATION_COMMENTS = YES;
				CLANG_WARN_EMPTY_BODY = YES;
				CLANG_WARN_ENUM_CONVERSION = YES;
				CLANG_WARN_INFINITE_RECURSION = YES;
				CLANG_WARN_INT_CONVERSION = YES;
				CLANG_WARN_NON_LITERAL_NULL_CONVERSION = YES;
				CLANG_WARN_OBJC_LITERAL_CONVERSION = YES;
				CLANG_WARN_OBJC_ROOT_CLASS = YES_ERROR;
				CLANG_WARN_RANGE_LOOP_ANALYSIS = YES;
				CLANG_WARN_STRICT_PROTOTYPES = YES;
				CLANG_WARN_SUSPICIOUS_MOVE = YES;
				CLANG_WARN_UNGUARDED_AVAILABILITY = YES_AGGRESSIVE;
				CLANG_WARN_UNREACHABLE_CODE = YES;
				CLANG_WARN__DUPLICATE_METHOD_MATCH = YES;
				CODE_SIGN_IDENTITY = "iPhone Developer";
				COPY_PHASE_STRIP = NO;
				DEBUG_INFORMATION_FORMAT = "dwarf-with-dsym";
				ENABLE_NS_ASSERTIONS = NO;
				ENABLE_STRICT_OBJC_MSGSEND = YES;
				GCC_C_LANGUAGE_STANDARD = gnu11;
				GCC_NO_COMMON_BLOCKS = YES;
				GCC_WARN_64_TO_32_BIT_CONVERSION = YES;
				GCC_WARN_ABOUT_RETURN_TYPE = YES_ERROR;
				GCC_WARN_UNDECLARED_SELECTOR = YES;
				GCC_WARN_UNINITIALIZED_AUTOS = YES_AGGRESSIVE;
				GCC_WARN_UNUSED_FUNCTION = YES;
				GCC_WARN_UNUSED_VARIABLE = YES;
				IPHONEOS_DEPLOYMENT_TARGET = 11.2;
				MTL_ENABLE_DEBUG_INFO = NO;
				SDKROOT = iphoneos;
				SWIFT_OPTIMIZATION_LEVEL = "-Owholemodule";
				VALIDATE_PRODUCT = YES;
			};
			name = Release;
		};
		60F31C051FE1E44B00C20ACA /* Debug */ = {
			isa = XCBuildConfiguration;
			buildSettings = {
				ASSETCATALOG_COMPILER_APPICON_NAME = AppIcon;
				CODE_SIGN_STYLE = Automatic;
				DEVELOPMENT_TEAM = VWUE9JZKY9;
				INFOPLIST_FILE = TapeMeasAR/Info.plist;
				LD_RUNPATH_SEARCH_PATHS = "$(inherited) @executable_path/Frameworks";
				PRODUCT_BUNDLE_IDENTIFIER = com.Fr3qfly.TapeMeasAR;
				PRODUCT_NAME = "$(TARGET_NAME)";
				SWIFT_VERSION = 4.0;
				TARGETED_DEVICE_FAMILY = "1,2";
			};
			name = Debug;
		};
		60F31C061FE1E44B00C20ACA /* Release */ = {
			isa = XCBuildConfiguration;
			buildSettings = {
				ASSETCATALOG_COMPILER_APPICON_NAME = AppIcon;
				CODE_SIGN_STYLE = Automatic;
				DEVELOPMENT_TEAM = VWUE9JZKY9;
				INFOPLIST_FILE = TapeMeasAR/Info.plist;
				LD_RUNPATH_SEARCH_PATHS = "$(inherited) @executable_path/Frameworks";
				PRODUCT_BUNDLE_IDENTIFIER = com.Fr3qfly.TapeMeasAR;
				PRODUCT_NAME = "$(TARGET_NAME)";
				SWIFT_VERSION = 4.0;
				TARGETED_DEVICE_FAMILY = "1,2";
			};
			name = Release;
		};
/* End XCBuildConfiguration section */

/* Begin XCConfigurationList section */
		60F31BED1FE1E44B00C20ACA /* Build configuration list for PBXProject "TapeMeasAR" */ = {
			isa = XCConfigurationList;
			buildConfigurations = (
				60F31C021FE1E44B00C20ACA /* Debug */,
				60F31C031FE1E44B00C20ACA /* Release */,
			);
			defaultConfigurationIsVisible = 0;
			defaultConfigurationName = Release;
		};
		60F31C041FE1E44B00C20ACA /* Build configuration list for PBXNativeTarget "TapeMeasAR" */ = {
			isa = XCConfigurationList;
			buildConfigurations = (
				60F31C051FE1E44B00C20ACA /* Debug */,
				60F31C061FE1E44B00C20ACA /* Release */,
			);
			defaultConfigurationIsVisible = 0;
			defaultConfigurationName = Release;
		};
/* End XCConfigurationList section */
	};
	rootObject = 60F31BEA1FE1E44B00C20ACA /* Project object */;
}
